
Microsoft Visual Studio Solution File, Format Version 12.00
Project("{F2A71F9B-5D33-465A-A702-920D77279786}") = "FsReveal", "src\FsReveal\FsReveal.fsproj", "{FC84889E-038E-476D-8AA2-3F6F98A266D7}"
EndProject
Project("{F2A71F9B-5D33-465A-A702-920D77279786}") = "FsReveal.Tests", "src\FsReveal.Tests\FsReveal.Tests.fsproj", "{ED9ED20D-6F90-4440-B7DC-E3714D9809A6}"
EndProject
Project("{F2A71F9B-5D33-465A-A702-920D77279786}") = "build", "build.fsproj", "{4F11C370-7F5C-498B-A779-8565FA5AF945}"
EndProject
Project("{2150E333-8FDC-42A3-9474-1A3956D46DE8}") = "project", "project", "{85187B7F-523E-4416-8FDF-A4E81A62F91F}"
	ProjectSection(SolutionItems) = preProject
		build.cmd = build.cmd
		build.sh = build.sh
		global.json = global.json
		LICENSE.txt = LICENSE.txt
		README.md = README.md
		RELEASE_NOTES.md = RELEASE_NOTES.md
	EndProjectSection
EndProject
Project("{F2A71F9B-5D33-465A-A702-920D77279786}") = "Fake.Core.String", "src\Fake.Core.String\Fake.Core.String.fsproj", "{545A55E0-88D7-435A-B24E-19864CEE32C5}"
EndProject
Project("{F2A71F9B-5D33-465A-A702-920D77279786}") = "Fake.IO.FileSystem", "src\Fake.IO.FileSystem\Fake.IO.FileSystem.fsproj", "{8306119E-C8F9-4D1B-9C8F-2F12629E54DA}"
EndProject
Project("{F2A71F9B-5D33-465A-A702-920D77279786}") = "Fake.Core.Trace", "src\Fake.Core.Trace\Fake.Core.Trace.fsproj", "{72B7ACA9-0D73-4313-BA97-24703BC8E144}"
EndProject
Global
	GlobalSection(SolutionConfigurationPlatforms) = preSolution
		Debug|Any CPU = Debug|Any CPU
		Release|Any CPU = Release|Any CPU
	EndGlobalSection
	GlobalSection(ProjectConfigurationPlatforms) = postSolution
		{FC84889E-038E-476D-8AA2-3F6F98A266D7}.Debug|Any CPU.ActiveCfg = Debug|Any CPU
		{FC84889E-038E-476D-8AA2-3F6F98A266D7}.Debug|Any CPU.Build.0 = Debug|Any CPU
		{FC84889E-038E-476D-8AA2-3F6F98A266D7}.Release|Any CPU.ActiveCfg = Release|Any CPU
		{FC84889E-038E-476D-8AA2-3F6F98A266D7}.Release|Any CPU.Build.0 = Release|Any CPU
		{ED9ED20D-6F90-4440-B7DC-E3714D9809A6}.Debug|Any CPU.ActiveCfg = Debug|Any CPU
		{ED9ED20D-6F90-4440-B7DC-E3714D9809A6}.Debug|Any CPU.Build.0 = Debug|Any CPU
		{ED9ED20D-6F90-4440-B7DC-E3714D9809A6}.Release|Any CPU.ActiveCfg = Release|Any CPU
		{ED9ED20D-6F90-4440-B7DC-E3714D9809A6}.Release|Any CPU.Build.0 = Release|Any CPU
		{4F11C370-7F5C-498B-A779-8565FA5AF945}.Debug|Any CPU.ActiveCfg = Debug|Any CPU
		{4F11C370-7F5C-498B-A779-8565FA5AF945}.Debug|Any CPU.Build.0 = Debug|Any CPU
		{4F11C370-7F5C-498B-A779-8565FA5AF945}.Release|Any CPU.ActiveCfg = Release|Any CPU
		{4F11C370-7F5C-498B-A779-8565FA5AF945}.Release|Any CPU.Build.0 = Release|Any CPU
		{545A55E0-88D7-435A-B24E-19864CEE32C5}.Debug|Any CPU.ActiveCfg = Debug|Any CPU
		{545A55E0-88D7-435A-B24E-19864CEE32C5}.Debug|Any CPU.Build.0 = Debug|Any CPU
		{545A55E0-88D7-435A-B24E-19864CEE32C5}.Release|Any CPU.ActiveCfg = Release|Any CPU
		{545A55E0-88D7-435A-B24E-19864CEE32C5}.Release|Any CPU.Build.0 = Release|Any CPU
		{8306119E-C8F9-4D1B-9C8F-2F12629E54DA}.Debug|Any CPU.ActiveCfg = Debug|Any CPU
		{8306119E-C8F9-4D1B-9C8F-2F12629E54DA}.Debug|Any CPU.Build.0 = Debug|Any CPU
		{8306119E-C8F9-4D1B-9C8F-2F12629E54DA}.Release|Any CPU.ActiveCfg = Release|Any CPU
		{8306119E-C8F9-4D1B-9C8F-2F12629E54DA}.Release|Any CPU.Build.0 = Release|Any CPU
		{72B7ACA9-0D73-4313-BA97-24703BC8E144}.Debug|Any CPU.ActiveCfg = Debug|Any CPU
		{72B7ACA9-0D73-4313-BA97-24703BC8E144}.Debug|Any CPU.Build.0 = Debug|Any CPU
		{72B7ACA9-0D73-4313-BA97-24703BC8E144}.Release|Any CPU.ActiveCfg = Release|Any CPU
		{72B7ACA9-0D73-4313-BA97-24703BC8E144}.Release|Any CPU.Build.0 = Release|Any CPU
	EndGlobalSection
EndGlobal
